
Microsoft Visual Studio Solution File, Format Version 12.00
# Visual Studio Version 17
VisualStudioVersion = 17.5.002.0
MinimumVisualStudioVersion = 10.0.40219.1
Project("{9A19103F-16F7-4668-BE54-9A1E7A4F7556}") = "MiniCoreBanking.Application", "MiniCoreBanking.Application.csproj", "{2B76DAFD-444A-4093-A54B-E54A5DE85CCE}"
EndProject
Global
	GlobalSection(SolutionConfigurationPlatforms) = preSolution
		Debug|Any CPU = Debug|Any CPU
		Release|Any CPU = Release|Any CPU
	EndGlobalSection
	GlobalSection(ProjectConfigurationPlatforms) = postSolution
		{2B76DAFD-444A-4093-A54B-E54A5DE85CCE}.Debug|Any CPU.ActiveCfg = Debug|Any CPU
		{2B76DAFD-444A-4093-A54B-E54A5DE85CCE}.Debug|Any CPU.Build.0 = Debug|Any CPU
		{2B76DAFD-444A-4093-A54B-E54A5DE85CCE}.Release|Any CPU.ActiveCfg = Release|Any CPU
		{2B76DAFD-444A-4093-A54B-E54A5DE85CCE}.Release|Any CPU.Build.0 = Release|Any CPU
	EndGlobalSection
	GlobalSection(SolutionProperties) = preSolution
		HideSolutionNode = FALSE
	EndGlobalSection
	GlobalSection(ExtensibilityGlobals) = postSolution
		SolutionGuid = {51014395-4FFA-4892-8918-36368A02BB45}
	EndGlobalSection
EndGlobal
